{
  "name": "@anio-software/enkore-private.spec",
  "version": "0.360.0",
  "lockfileVersion": 3,
  "requires": true,
  "packages": {
    "": {
      "name": "@anio-software/enkore-private.spec",
      "version": "0.360.0",
      "license": "MIT",
      "devDependencies": {
        "@anio-software/enkore": "^0.0.90",
        "@anio-software/enkore-private.primitives": "^0.0.24",
        "@anio-software/enkore.core": "^0.11.2",
        "@anio-software/enkore.target-js-node": "^0.0.228-canary-831c9a12-0f35a974",
        "@aniojs/event-emitter": "^0.1.0",
        "@aniojs/node-fs": "^0.5.3"
      }
    },
    "node_modules/@anio-software/enkore": {
      "version": "0.0.90",
      "resolved": "https://npm-registry.anio.software/@anio-software/enkore/-/enkore-0.0.90.tgz",
      "integrity": "sha512-qKq+ZKLYv/gh8dz48oFI0N4psO7RU2YYZSEAV2qhTTUNgsyN1Yh/hsTmwe1oB/sPk6jUQrUuvmJEJ3tu2a/6/Q==",
      "dev": true,
      "license": "MIT",
      "bin": {
        "enkore": "cli.mjs"
      }
    },
    "node_modules/@anio-software/enkore-private.primitives": {
      "version": "0.0.24",
      "resolved": "https://npm-registry.anio.software/@anio-software/enkore-private.primitives/-/enkore-private.primitives-0.0.24.tgz",
      "integrity": "sha512-ltWdtLGOtpVNCfAZSc1GRXQgYe7HEhFRITN+Ic3JlYJmF3AzSvVD0ZcRu3SllW8d2gcIZ3l0v8DoC9KbULwRTQ==",
      "dev": true,
      "license": "MIT"
    },
    "node_modules/@anio-software/enkore.core": {
      "version": "0.11.2",
      "resolved": "https://npm-registry.anio.software/@anio-software/enkore.core/-/enkore.core-0.11.2.tgz",
      "integrity": "sha512-7Y9zKQWUHS6u8ntmQx+E740rjXNUJ/uIPFLe+ycBnQb7oRWwJv/TM22tLntSdzEat9qqONJ58p1J85dgC80z0A==",
      "dev": true,
      "license": "MIT"
    },
    "node_modules/@anio-software/enkore.target-js-node": {
      "version": "0.0.228-canary-831c9a12-0f35a974",
      "resolved": "https://npm-registry.anio.software/@anio-software/enkore.target-js-node/-/enkore.target-js-node-0.0.228-canary-831c9a12-0f35a974.tgz",
      "integrity": "sha512-v0XSlRsW+gChpJGEpU8eve4L+trGdKgkBNq+TlG726nTuOFQUPgjSdKHYJu98RMtaw4b/KOCPN0Bi0W1ePMDIA==",
      "dev": true,
      "license": "MIT",
      "peerDependencies": {
        "@types/node": ">=22.7.x"
      }
    },
    "node_modules/@aniojs/event-emitter": {
      "version": "0.1.0",
      "resolved": "https://registry.npmjs.org/@aniojs/event-emitter/-/event-emitter-0.1.0.tgz",
      "integrity": "sha512-hgXd+1vNg+UEGDMA+cOztAN1Qa0+mL0Sz8am7M165H/WSyZAFNYJiLU94oHglMO7ZFW52lpGo4kJirY63PIqdA==",
      "dev": true,
      "license": "MIT",
      "engines": {
        "node": ">=22.7.x"
      },
      "peerDependencies": {
        "@types/node": ">=22.7.x"
      }
    },
    "node_modules/@aniojs/node-fs": {
      "version": "0.5.3",
      "resolved": "https://registry.npmjs.org/@aniojs/node-fs/-/node-fs-0.5.3.tgz",
      "integrity": "sha512-RRe6qvi1Yc3UY0ivnRFpnpH4DMLHoS0PmltfGatr6vkIeWnTbB6HKZzBuUkeL2kZxZe7vATqKH/alrcx0IZIYw==",
      "dev": true,
      "license": "MIT",
      "engines": {
        "node": ">=22.7.x"
      },
      "peerDependencies": {
        "@types/node": ">=22.7.x"
      }
    },
    "node_modules/@types/node": {
      "version": "22.15.18",
      "resolved": "https://registry.npmjs.org/@types/node/-/node-22.15.18.tgz",
      "integrity": "sha512-v1DKRfUdyW+jJhZNEI1PYy29S2YRxMV5AOO/x/SjKmW0acCIOqmbj6Haf9eHAhsPmrhlHSxEhv/1WszcLWV4cg==",
      "dev": true,
      "license": "MIT",
      "peer": true,
      "dependencies": {
        "undici-types": "~6.21.0"
      }
    },
    "node_modules/undici-types": {
      "version": "6.21.0",
      "resolved": "https://registry.npmjs.org/undici-types/-/undici-types-6.21.0.tgz",
      "integrity": "sha512-iwDZqg0QAGrg9Rav5H4n0M64c3mkR59cJ6wQp+7C4nI0gsmExaedaYLNO44eT4AtBBwjbTiGPMlt2Md0T9H9JQ==",
      "dev": true,
      "license": "MIT",
      "peer": true
    }
  }
}
