{
  "name": "@anio-software/enkore-private.spec",
  "version": "0.382.0",
  "lockfileVersion": 3,
  "requires": true,
  "packages": {
    "": {
      "name": "@anio-software/enkore-private.spec",
      "version": "0.382.0",
      "license": "MIT",
      "devDependencies": {
        "@anio-software/enkore": "^0.0.90",
        "@anio-software/enkore-private.primitives": "^0.0.28",
        "@anio-software/enkore.core": "^0.11.2",
        "@anio-software/enkore.target-js-node": "^0.0.228-canary-831c9a12-0f35a974",
        "@anio-software/pkg.event-emitter": "^0.0.1",
        "@anio-software/pkg.node-fs": "^0.0.3"
      }
    },
    "node_modules/@anio-software/enkore": {
      "version": "0.0.90",
      "resolved": "https://npm-registry.anio.software/@anio-software/enkore/-/enkore-0.0.90.tgz",
      "integrity": "sha512-qKq+ZKLYv/gh8dz48oFI0N4psO7RU2YYZSEAV2qhTTUNgsyN1Yh/hsTmwe1oB/sPk6jUQrUuvmJEJ3tu2a/6/Q==",
      "dev": true,
      "license": "MIT",
      "bin": {
        "enkore": "cli.mjs"
      }
    },
    "node_modules/@anio-software/enkore-private.primitives": {
      "version": "0.0.28",
      "resolved": "https://npm-registry.anio.software/@anio-software/enkore-private.primitives/-/enkore-private.primitives-0.0.28.tgz",
      "integrity": "sha512-ezWKYLMPSzUK4HPc73T/nC4l+brn/qxL2AhcMGfKIBVUxwkppCXroH535TllVAmGzPZT9fsG61Lq6ES59tMRsw==",
      "dev": true,
      "license": "MIT"
    },
    "node_modules/@anio-software/enkore.core": {
      "version": "0.11.2",
      "resolved": "https://npm-registry.anio.software/@anio-software/enkore.core/-/enkore.core-0.11.2.tgz",
      "integrity": "sha512-7Y9zKQWUHS6u8ntmQx+E740rjXNUJ/uIPFLe+ycBnQb7oRWwJv/TM22tLntSdzEat9qqONJ58p1J85dgC80z0A==",
      "dev": true,
      "license": "MIT"
    },
    "node_modules/@anio-software/enkore.target-js-node": {
      "version": "0.0.228-canary-831c9a12-0f35a974",
      "resolved": "https://npm-registry.anio.software/@anio-software/enkore.target-js-node/-/enkore.target-js-node-0.0.228-canary-831c9a12-0f35a974.tgz",
      "integrity": "sha512-v0XSlRsW+gChpJGEpU8eve4L+trGdKgkBNq+TlG726nTuOFQUPgjSdKHYJu98RMtaw4b/KOCPN0Bi0W1ePMDIA==",
      "dev": true,
      "license": "MIT",
      "peerDependencies": {
        "@types/node": ">=22.7.x"
      }
    },
    "node_modules/@anio-software/pkg.event-emitter": {
      "version": "0.0.1",
      "resolved": "https://npm-registry.anio.software/@anio-software/pkg.event-emitter/-/pkg.event-emitter-0.0.1.tgz",
      "integrity": "sha512-PufMUtz1HIYH9RVadtHZWpKEt0VEVYM97YA3+SBymD/zLVtm3aad5fH1JOeTANKRZJr/r5O3+dVbC5igsMTfqA==",
      "dev": true,
      "license": "MIT"
    },
    "node_modules/@anio-software/pkg.node-fs": {
      "version": "0.0.3",
      "resolved": "https://npm-registry.anio.software/@anio-software/pkg.node-fs/-/pkg.node-fs-0.0.3.tgz",
      "integrity": "sha512-ZLLDSYLII9kCDS4y0RimNtrcWQzK+9JiPHNRUW5lHvHxGs/IE/AYoNt9e0/+vIgDV11JbwmtGtKv8m88SsH13g==",
      "dev": true,
      "license": "MIT",
      "engines": {
        "node": ">=23.6.x"
      }
    },
    "node_modules/@types/node": {
      "version": "22.15.18",
      "resolved": "https://registry.npmjs.org/@types/node/-/node-22.15.18.tgz",
      "integrity": "sha512-v1DKRfUdyW+jJhZNEI1PYy29S2YRxMV5AOO/x/SjKmW0acCIOqmbj6Haf9eHAhsPmrhlHSxEhv/1WszcLWV4cg==",
      "dev": true,
      "license": "MIT",
      "peer": true,
      "dependencies": {
        "undici-types": "~6.21.0"
      }
    },
    "node_modules/undici-types": {
      "version": "6.21.0",
      "resolved": "https://registry.npmjs.org/undici-types/-/undici-types-6.21.0.tgz",
      "integrity": "sha512-iwDZqg0QAGrg9Rav5H4n0M64c3mkR59cJ6wQp+7C4nI0gsmExaedaYLNO44eT4AtBBwjbTiGPMlt2Md0T9H9JQ==",
      "dev": true,
      "license": "MIT",
      "peer": true
    }
  }
}
