{
  "name": "@anio-software/enkore-private.spec",
  "version": "0.289.0",
  "lockfileVersion": 3,
  "requires": true,
  "packages": {
    "": {
      "name": "@anio-software/enkore-private.spec",
      "version": "0.289.0",
      "license": "MIT",
      "devDependencies": {
        "@anio-software/enkore": "^0.0.61",
        "@anio-software/enkore-private.primitives": "^0.0.15",
        "@anio-software/enkore-private.toolchain-types": "^0.0.5",
        "@anio-software/enkore.core": "^0.10.0",
        "@anio-software/enkore.target-js": "^0.0.2-canary-69353116-2276e5c2",
        "@aniojs/event-emitter": "^0.1.0",
        "@aniojs/node-fs-file": "^0.2.0",
        "@aniojs/node-fs-scandir": "^0.2.2"
      }
    },
    "node_modules/@anio-software/enkore": {
      "version": "0.0.61",
      "resolved": "https://npm-registry.anio.software/@anio-software/enkore/-/enkore-0.0.61.tgz",
      "integrity": "sha512-hJ+L3u3inZH4Po50/aTsDC8jVcs7RYlDQXWJr7CmpBUB3DZfqw6CVpuL74Sg/VbARRU4xgRYlxpaTlykPNYuOA==",
      "dev": true,
      "license": "MIT",
      "bin": {
        "enkore": "cli.mjs"
      }
    },
    "node_modules/@anio-software/enkore-private.primitives": {
      "version": "0.0.15",
      "resolved": "https://npm-registry.anio.software/@anio-software/enkore-private.primitives/-/enkore-private.primitives-0.0.15.tgz",
      "integrity": "sha512-tbUBFs5oaQAcz1P8QoAE0XCVG9tklCV6rW22w+EGt1dHcN7ZWJW/ib39hm9IDDkLeCknZdbTJ3LuUfw85+5mew==",
      "dev": true,
      "license": "MIT"
    },
    "node_modules/@anio-software/enkore-private.toolchain-types": {
      "version": "0.0.5",
      "resolved": "https://npm-registry.anio.software/@anio-software/enkore-private.toolchain-types/-/enkore-private.toolchain-types-0.0.5.tgz",
      "integrity": "sha512-cE12yCNFbk86DawNjsHt7GM76w+Yx8Ba2EURca8AXBYQrprQlre6u1BAo2+wKR+qEguEZspmWQOZvzwcq5uFfQ==",
      "dev": true
    },
    "node_modules/@anio-software/enkore.core": {
      "version": "0.10.0",
      "resolved": "https://npm-registry.anio.software/@anio-software/enkore.core/-/enkore.core-0.10.0.tgz",
      "integrity": "sha512-AJEiFE7tpvNyL1OxYturRT4ioT8Ke5qrc8gnpJ3lYP5hk0f+di07URd9mCJNQXXA2vtxJgZIhLFUmUtDZR3Hug==",
      "dev": true,
      "license": "MIT"
    },
    "node_modules/@anio-software/enkore.target-js": {
      "version": "0.0.2-canary-69353116-2276e5c2",
      "resolved": "https://npm-registry.anio.software/@anio-software/enkore.target-js/-/enkore.target-js-0.0.2-canary-69353116-2276e5c2.tgz",
      "integrity": "sha512-b8LQOjbB3OJcJ0PN+NrFMQIWkDCqHXirGvOzFJufkynfI+zbJ+EnBtJGaEdGn9rK4uM9qvs336mpFVJ2z6LYcw==",
      "dev": true,
      "license": "MIT",
      "peerDependencies": {
        "@types/node": ">=22.7.x",
        "@types/web": ">=0.0.235"
      }
    },
    "node_modules/@aniojs/event-emitter": {
      "version": "0.1.0",
      "resolved": "https://registry.npmjs.org/@aniojs/event-emitter/-/event-emitter-0.1.0.tgz",
      "integrity": "sha512-hgXd+1vNg+UEGDMA+cOztAN1Qa0+mL0Sz8am7M165H/WSyZAFNYJiLU94oHglMO7ZFW52lpGo4kJirY63PIqdA==",
      "dev": true,
      "license": "MIT",
      "engines": {
        "node": ">=22.7.x"
      },
      "peerDependencies": {
        "@types/node": ">=22.7.x"
      }
    },
    "node_modules/@aniojs/node-fs-file": {
      "version": "0.2.0",
      "resolved": "https://registry.npmjs.org/@aniojs/node-fs-file/-/node-fs-file-0.2.0.tgz",
      "integrity": "sha512-VOa0Yg1vgvWHvgboxCObE0KJRQpvhWeLeSd3QtAeBy8gpTyt32Nm1AR65A9lX5YExr6Y5AHKZJULZyiE3Bx8+A==",
      "dev": true,
      "license": "MIT",
      "engines": {
        "node": ">=22.7.x"
      },
      "peerDependencies": {
        "@types/node": ">=22.7.x"
      }
    },
    "node_modules/@aniojs/node-fs-scandir": {
      "version": "0.2.2",
      "resolved": "https://registry.npmjs.org/@aniojs/node-fs-scandir/-/node-fs-scandir-0.2.2.tgz",
      "integrity": "sha512-iC5lorimgAMMKKY4mFiX+MXGra6xdHbFOTtuD7YrD9Vy7tYaDJrbbp0Ht5h0ySaqcXKoBiEBmA1++uzBTVB5Dw==",
      "dev": true,
      "license": "MIT",
      "engines": {
        "node": ">=22.7.x"
      },
      "peerDependencies": {
        "@types/node": ">=22.7.x"
      }
    },
    "node_modules/@types/node": {
      "version": "22.15.18",
      "resolved": "https://registry.npmjs.org/@types/node/-/node-22.15.18.tgz",
      "integrity": "sha512-v1DKRfUdyW+jJhZNEI1PYy29S2YRxMV5AOO/x/SjKmW0acCIOqmbj6Haf9eHAhsPmrhlHSxEhv/1WszcLWV4cg==",
      "dev": true,
      "license": "MIT",
      "peer": true,
      "dependencies": {
        "undici-types": "~6.21.0"
      }
    },
    "node_modules/@types/web": {
      "version": "0.0.235",
      "resolved": "https://registry.npmjs.org/@types/web/-/web-0.0.235.tgz",
      "integrity": "sha512-AAiPus7NkFGIEadalaZP/JLRKDb32eTIqpsNYhjtTKgKeMefvrh2brg0Zrfc5NxusGbKmpUcNcW9gzuY6w+FyQ==",
      "dev": true,
      "license": "Apache-2.0",
      "peer": true
    },
    "node_modules/undici-types": {
      "version": "6.21.0",
      "resolved": "https://registry.npmjs.org/undici-types/-/undici-types-6.21.0.tgz",
      "integrity": "sha512-iwDZqg0QAGrg9Rav5H4n0M64c3mkR59cJ6wQp+7C4nI0gsmExaedaYLNO44eT4AtBBwjbTiGPMlt2Md0T9H9JQ==",
      "dev": true,
      "license": "MIT",
      "peer": true
    }
  }
}
